
Microsoft Visual Studio Solution File, Format Version 12.00
# Visual Studio Version 16
VisualStudioVersion = 16.0.31321.278
MinimumVisualStudioVersion = 10.0.40219.1
Project("{FAE04EC0-301F-11D3-BF4B-00C04F79EFBC}") = "StocktonProgram1", "StocktonProgram1.csproj", "{DFDDC9F8-3CBB-4753-AA38-7FD25F4A0699}"
EndProject
Global
	GlobalSection(SolutionConfigurationPlatforms) = preSolution
		Debug|Any CPU = Debug|Any CPU
		Release|Any CPU = Release|Any CPU
	EndGlobalSection
	GlobalSection(ProjectConfigurationPlatforms) = postSolution
		{DFDDC9F8-3CBB-4753-AA38-7FD25F4A0699}.Debug|Any CPU.ActiveCfg = Debug|Any CPU
		{DFDDC9F8-3CBB-4753-AA38-7FD25F4A0699}.Debug|Any CPU.Build.0 = Debug|Any CPU
		{DFDDC9F8-3CBB-4753-AA38-7FD25F4A0699}.Release|Any CPU.ActiveCfg = Release|Any CPU
		{DFDDC9F8-3CBB-4753-AA38-7FD25F4A0699}.Release|Any CPU.Build.0 = Release|Any CPU
	EndGlobalSection
	GlobalSection(SolutionProperties) = preSolution
		HideSolutionNode = FALSE
	EndGlobalSection
	GlobalSection(ExtensibilityGlobals) = postSolution
		SolutionGuid = {DEBDCA9B-D2A4-457D-AAEF-1062FC103763}
	EndGlobalSection
EndGlobal
